
Microsoft Visual Studio Solution File, Format Version 12.00
# Visual Studio Version 17
VisualStudioVersion = 17.6.33801.468
MinimumVisualStudioVersion = 10.0.40219.1
Project("{FAE04EC0-301F-11D3-BF4B-00C04F79EFBC}") = "Recapca1", "Recapca1.csproj", "{15DC5867-D9B1-467D-9CA2-D77E436E45D8}"
EndProject
Global
	GlobalSection(SolutionConfigurationPlatforms) = preSolution
		Debug|Any CPU = Debug|Any CPU
		Release|Any CPU = Release|Any CPU
	EndGlobalSection
	GlobalSection(ProjectConfigurationPlatforms) = postSolution
		{15DC5867-D9B1-467D-9CA2-D77E436E45D8}.Debug|Any CPU.ActiveCfg = Debug|Any CPU
		{15DC5867-D9B1-467D-9CA2-D77E436E45D8}.Debug|Any CPU.Build.0 = Debug|Any CPU
		{15DC5867-D9B1-467D-9CA2-D77E436E45D8}.Release|Any CPU.ActiveCfg = Release|Any CPU
		{15DC5867-D9B1-467D-9CA2-D77E436E45D8}.Release|Any CPU.Build.0 = Release|Any CPU
	EndGlobalSection
	GlobalSection(SolutionProperties) = preSolution
		HideSolutionNode = FALSE
	EndGlobalSection
	GlobalSection(ExtensibilityGlobals) = postSolution
		SolutionGuid = {FF6034DA-8696-40D5-B527-270F093FABD6}
	EndGlobalSection
EndGlobal
